PODS:
  - PeekPop (1.0.0)
  - swiftScan (1.0.8)

DEPENDENCIES:
  - PeekPop (~> 1.0)
  - swiftScan (from `https://github.com/MxABC/swiftScan.git`, tag `1.0.9`)

EXTERNAL SOURCES:
  swiftScan:
    :git: https://github.com/MxABC/swiftScan.git
    :tag: 1.0.9

CHECKOUT OPTIONS:
  swiftScan:
    :git: https://github.com/MxABC/swiftScan.git
    :tag: 1.0.9

SPEC CHECKSUMS:
  PeekPop: dcac0f339476b99eb50f8e3bc584f332c744ecf1
  swiftScan: 2dc76303bc7c2dcb7bde9c539f9bd6a7520abc8e

PODFILE CHECKSUM: c183c859ecf5e4d1f22a4a35bb662ce1f97cc202

COCOAPODS: 1.2.0
